
Microsoft Visual Studio Solution File, Format Version 12.00
# Visual Studio Version 17
VisualStudioVersion = 17.9.34714.143
MinimumVisualStudioVersion = 10.0.40219.1
Project("{FAE04EC0-301F-11D3-BF4B-00C04F79EFBC}") = "SkyChat.Server", "Server\SkyChat.Server.csproj", "{CDCBB922-DDF3-4B3F-B237-826C522F9520}"
EndProject
Project("{FAE04EC0-301F-11D3-BF4B-00C04F79EFBC}") = "SkyChat.Client", "Client\SkyChat.Client.csproj", "{72A98234-CF15-40BA-A89C-3EEB06D83A17}"
EndProject
Project("{FAE04EC0-301F-11D3-BF4B-00C04F79EFBC}") = "SkyChat.Shared", "Shared\SkyChat.Shared.csproj", "{C99F4746-A80B-493B-B0BF-65718D5CD706}"
EndProject
Global
	GlobalSection(SolutionConfigurationPlatforms) = preSolution
		Debug|Any CPU = Debug|Any CPU
		Release|Any CPU = Release|Any CPU
	EndGlobalSection
	GlobalSection(ProjectConfigurationPlatforms) = postSolution
		{CDCBB922-DDF3-4B3F-B237-826C522F9520}.Debug|Any CPU.ActiveCfg = Debug|Any CPU
		{CDCBB922-DDF3-4B3F-B237-826C522F9520}.Debug|Any CPU.Build.0 = Debug|Any CPU
		{CDCBB922-DDF3-4B3F-B237-826C522F9520}.Release|Any CPU.ActiveCfg = Release|Any CPU
		{CDCBB922-DDF3-4B3F-B237-826C522F9520}.Release|Any CPU.Build.0 = Release|Any CPU
		{72A98234-CF15-40BA-A89C-3EEB06D83A17}.Debug|Any CPU.ActiveCfg = Debug|Any CPU
		{72A98234-CF15-40BA-A89C-3EEB06D83A17}.Debug|Any CPU.Build.0 = Debug|Any CPU
		{72A98234-CF15-40BA-A89C-3EEB06D83A17}.Release|Any CPU.ActiveCfg = Release|Any CPU
		{72A98234-CF15-40BA-A89C-3EEB06D83A17}.Release|Any CPU.Build.0 = Release|Any CPU
		{C99F4746-A80B-493B-B0BF-65718D5CD706}.Debug|Any CPU.ActiveCfg = Debug|Any CPU
		{C99F4746-A80B-493B-B0BF-65718D5CD706}.Debug|Any CPU.Build.0 = Debug|Any CPU
		{C99F4746-A80B-493B-B0BF-65718D5CD706}.Release|Any CPU.ActiveCfg = Release|Any CPU
		{C99F4746-A80B-493B-B0BF-65718D5CD706}.Release|Any CPU.Build.0 = Release|Any CPU
	EndGlobalSection
	GlobalSection(SolutionProperties) = preSolution
		HideSolutionNode = FALSE
	EndGlobalSection
	GlobalSection(ExtensibilityGlobals) = postSolution
		SolutionGuid = {00865148-595C-4D16-B0B8-E0DB031431B6}
	EndGlobalSection
EndGlobal
